Microsoft Visual Studio Solution File, Format Version 12.00
# Visual Studio Version 17
VisualStudioVersion = 17.5.2.0
MinimumVisualStudioVersion = 10.0.40219.1
Project("{FAE04EC0-301F-11D3-BF4B-00C04F79EFBC}") = "PFMApp", "PFMApp.csproj", "{DF18E0EC-603B-A7FD-778A-E7883BA07C49}"
EndProject
Global
	GlobalSection(SolutionConfigurationPlatforms) = preSolution
		Debug|Any CPU = Debug|Any CPU
		Release|Any CPU = Release|Any CPU
	EndGlobalSection
	GlobalSection(ProjectConfigurationPlatforms) = postSolution
		{DF18E0EC-603B-A7FD-778A-E7883BA07C49}.Debug|Any CPU.ActiveCfg = Debug|Any CPU
		{DF18E0EC-603B-A7FD-778A-E7883BA07C49}.Debug|Any CPU.Build.0 = Debug|Any CPU
		{DF18E0EC-603B-A7FD-778A-E7883BA07C49}.Release|Any CPU.ActiveCfg = Release|Any CPU
		{DF18E0EC-603B-A7FD-778A-E7883BA07C49}.Release|Any CPU.Build.0 = Release|Any CPU
	EndGlobalSection
	GlobalSection(SolutionProperties) = preSolution
		HideSolutionNode = FALSE
	EndGlobalSection
	GlobalSection(ExtensibilityGlobals) = postSolution
		SolutionGuid = {E27E1E0F-36B8-498D-9243-4039B1173CAB}
	EndGlobalSection
EndGlobal
